
Microsoft Visual Studio Solution File, Format Version 12.00
# Visual Studio Version 17
VisualStudioVersion = 17.3.32825.248
MinimumVisualStudioVersion = 10.0.40219.1
Project("{FAE04EC0-301F-11D3-BF4B-00C04F79EFBC}") = "GraphQL_HotChoclate_EFCore", "GraphQL_HotChoclate_EFCore\GraphQL_HotChoclate_EFCore.csproj", "{87965CDE-1F48-42A2-B247-B179676BF4B6}"
EndProject
Global
	GlobalSection(SolutionConfigurationPlatforms) = preSolution
		Debug|Any CPU = Debug|Any CPU
		Release|Any CPU = Release|Any CPU
	EndGlobalSection
	GlobalSection(ProjectConfigurationPlatforms) = postSolution
		{87965CDE-1F48-42A2-B247-B179676BF4B6}.Debug|Any CPU.ActiveCfg = Debug|Any CPU
		{87965CDE-1F48-42A2-B247-B179676BF4B6}.Debug|Any CPU.Build.0 = Debug|Any CPU
		{87965CDE-1F48-42A2-B247-B179676BF4B6}.Release|Any CPU.ActiveCfg = Release|Any CPU
		{87965CDE-1F48-42A2-B247-B179676BF4B6}.Release|Any CPU.Build.0 = Release|Any CPU
	EndGlobalSection
	GlobalSection(SolutionProperties) = preSolution
		HideSolutionNode = FALSE
	EndGlobalSection
	GlobalSection(ExtensibilityGlobals) = postSolution
		SolutionGuid = {04005407-C72F-4FB4-8141-CF00BBDC66EE}
	EndGlobalSection
EndGlobal
